
Microsoft Visual Studio Solution File, Format Version 12.00
# Visual Studio Version 16
VisualStudioVersion = 16.0.30204.135
MinimumVisualStudioVersion = 10.0.40219.1
Project("{FAE04EC0-301F-11D3-BF4B-00C04F79EFBC}") = "DOB", "DOB\DOB.csproj", "{4A67E582-7580-4B2F-B552-A23AD011D162}"
EndProject
Global
	GlobalSection(SolutionConfigurationPlatforms) = preSolution
		Debug|Any CPU = Debug|Any CPU
		Release|Any CPU = Release|Any CPU
	EndGlobalSection
	GlobalSection(ProjectConfigurationPlatforms) = postSolution
		{4A67E582-7580-4B2F-B552-A23AD011D162}.Debug|Any CPU.ActiveCfg = Debug|Any CPU
		{4A67E582-7580-4B2F-B552-A23AD011D162}.Debug|Any CPU.Build.0 = Debug|Any CPU
		{4A67E582-7580-4B2F-B552-A23AD011D162}.Release|Any CPU.ActiveCfg = Release|Any CPU
		{4A67E582-7580-4B2F-B552-A23AD011D162}.Release|Any CPU.Build.0 = Release|Any CPU
	EndGlobalSection
	GlobalSection(SolutionProperties) = preSolution
		HideSolutionNode = FALSE
	EndGlobalSection
	GlobalSection(ExtensibilityGlobals) = postSolution
		SolutionGuid = {4232E5AC-FA27-4206-9198-18B383155DC5}
	EndGlobalSection
EndGlobal
